
Microsoft Visual Studio Solution File, Format Version 12.00
# Visual Studio Version 17
VisualStudioVersion = 17.1.32228.430
MinimumVisualStudioVersion = 10.0.40219.1
Project("{FAE04EC0-301F-11D3-BF4B-00C04F79EFBC}") = "Main", "Bartender\Main.csproj", "{7B4C376D-11A5-4708-973F-650234092154}"
EndProject
Project("{FAE04EC0-301F-11D3-BF4B-00C04F79EFBC}") = "Library", "Library\Library.csproj", "{57E6E6C8-6402-4491-B898-095FAF2B65FB}"
EndProject
Global
	GlobalSection(SolutionConfigurationPlatforms) = preSolution
		Debug|Any CPU = Debug|Any CPU
		Release|Any CPU = Release|Any CPU
	EndGlobalSection
	GlobalSection(ProjectConfigurationPlatforms) = postSolution
		{7B4C376D-11A5-4708-973F-650234092154}.Debug|Any CPU.ActiveCfg = Debug|Any CPU
		{7B4C376D-11A5-4708-973F-650234092154}.Debug|Any CPU.Build.0 = Debug|Any CPU
		{7B4C376D-11A5-4708-973F-650234092154}.Release|Any CPU.ActiveCfg = Release|Any CPU
		{7B4C376D-11A5-4708-973F-650234092154}.Release|Any CPU.Build.0 = Release|Any CPU
		{57E6E6C8-6402-4491-B898-095FAF2B65FB}.Debug|Any CPU.ActiveCfg = Debug|Any CPU
		{57E6E6C8-6402-4491-B898-095FAF2B65FB}.Debug|Any CPU.Build.0 = Debug|Any CPU
		{57E6E6C8-6402-4491-B898-095FAF2B65FB}.Release|Any CPU.ActiveCfg = Release|Any CPU
		{57E6E6C8-6402-4491-B898-095FAF2B65FB}.Release|Any CPU.Build.0 = Release|Any CPU
	EndGlobalSection
	GlobalSection(SolutionProperties) = preSolution
		HideSolutionNode = FALSE
	EndGlobalSection
	GlobalSection(ExtensibilityGlobals) = postSolution
		SolutionGuid = {A39BBC95-6598-4CA5-B81A-7110788777A6}
	EndGlobalSection
EndGlobal
